{
  "version": "5",
  "specifiers": {
    "npm:vite-tsconfig-paths@^5.1.4": "5.1.4"
  },
  "npm": {
    "debug@4.4.1": {
      "integrity": "sha512-KcKCqiftBJcZr++7ykoDIEwSa3XWowTfNPo92BYxjXiyYEVrUQh2aLyhxBCwww+heortUFxEJYcRzosstTEBYQ==",
      "dependencies": [
        "ms"
      ]
    },
    "globrex@0.1.2": {
      "integrity": "sha512-uHJgbwAMwNFf5mLst7IWLNg14x1CkeqglJb/K3doi4dw6q2IvAAmM/Y81kevy83wP+Sst+nutFTYOGg3d1lsxg=="
    },
    "ms@2.1.3": {
      "integrity": "sha512-6FlzubTLZG3J2a/NVCAleEhjzq5oxgHyaCU9yYXvcLsvoVaHJq/s5xXI6/XXP6tz7R9xAOtHnSO/tXtF3WRTlA=="
    },
    "tsconfck@3.1.6": {
      "integrity": "sha512-ks6Vjr/jEw0P1gmOVwutM3B7fWxoWBL2KRDb1JfqGVawBmO5UsvmWOQFGHBPl5yxYz4eERr19E6L7NMv+Fej4w==",
      "bin": true
    },
    "vite-tsconfig-paths@5.1.4": {
      "integrity": "sha512-cYj0LRuLV2c2sMqhqhGpaO3LretdtMn/BVX4cPLanIZuwwrkVl+lK84E/miEXkCHWXuq65rhNN4rXsBcOB3S4w==",
      "dependencies": [
        "debug",
        "globrex",
        "tsconfck"
      ]
    }
  },
  "workspace": {
    "dependencies": [
      "npm:vite-tsconfig-paths@^5.1.4"
    ]
  }
}
